// !$*UTF8*$!
{
	archiveVersion = 1;
	classes = {
	};
	objectVersion = 56;
	objects = {

/* Begin PBXBuildFile section */
		521067A22DAB6C9A00E454AE /* LoginTestApp.swift in Sources */ = {isa = PBXBuildFile; fileRef = 521067A12DAB6C9A00E454AE /* LoginTestApp.swift */; };
		521067A42DAB6C9A00E454AE /* ContentView.swift in Sources */ = {isa = PBXBuildFile; fileRef = 521067A32DAB6C9A00E454AE /* ContentView.swift */; };
		521067A62DAB6C9E00E454AE /* Assets.xcassets in Resources */ = {isa = PBXBuildFile; fileRef = 521067A52DAB6C9E00E454AE /* Assets.xcassets */; };
		521067A92DAB6C9E00E454AE /* Preview Assets.xcassets in Resources */ = {isa = PBXBuildFile; fileRef = 521067A82DAB6C9E00E454AE /* Preview Assets.xcassets */; };
		521067B32DAB6C9F00E454AE /* LoginTestTests.swift in Sources */ = {isa = PBXBuildFile; fileRef = 521067B22DAB6C9F00E454AE /* LoginTestTests.swift */; };
		521067BD2DAB6C9F00E454AE /* LoginTestUITests.swift in Sources */ = {isa = PBXBuildFile; fileRef = 521067BC2DAB6C9F00E454AE /* LoginTestUITests.swift */; };
		521067BF2DAB6C9F00E454AE /* LoginTestUITestsLaunchTests.swift in Sources */ = {isa = PBXBuildFile; fileRef = 521067BE2DAB6C9F00E454AE /* LoginTestUITestsLaunchTests.swift */; };
		521067CC2DAB818200E454AE /* Content-ViewModel.swift in Sources */ = {isa = PBXBuildFile; fileRef = 521067CB2DAB818200E454AE /* Content-ViewModel.swift */; };
/* End PBXBuildFile section */

/* Begin PBXContainerItemProxy section */
		521067AF2DAB6C9F00E454AE /* PBXContainerItemProxy */ = {
			isa = PBXContainerItemProxy;
			containerPortal = 521067962DAB6C9A00E454AE /* Project object */;
			proxyType = 1;
			remoteGlobalIDString = 5210679D2DAB6C9A00E454AE;
			remoteInfo = LoginTest;
		};
		521067B92DAB6C9F00E454AE /* PBXContainerItemProxy */ = {
			isa = PBXContainerItemProxy;
			containerPortal = 521067962DAB6C9A00E454AE /* Project object */;
			proxyType = 1;
			remoteGlobalIDString = 5210679D2DAB6C9A00E454AE;
			remoteInfo = LoginTest;
		};
/* End PBXContainerItemProxy section */

/* Begin PBXFileReference section */
		5210679E2DAB6C9A00E454AE /* LoginTest.app */ = {isa = PBXFileReference; explicitFileType = wrapper.application; includeInIndex = 0; path = LoginTest.app; sourceTree = BUILT_PRODUCTS_DIR; };
		521067A12DAB6C9A00E454AE /* LoginTestApp.swift */ = {isa = PBXFileReference; lastKnownFileType = sourcecode.swift; path = LoginTestApp.swift; sourceTree = "<group>"; };
		521067A32DAB6C9A00E454AE /* ContentView.swift */ = {isa = PBXFileReference; lastKnownFileType = sourcecode.swift; path = ContentView.swift; sourceTree = "<group>"; };
		521067A52DAB6C9E00E454AE /* Assets.xcassets */ = {isa = PBXFileReference; lastKnownFileType = folder.assetcatalog; path = Assets.xcassets; sourceTree = "<group>"; };
		521067A82DAB6C9E00E454AE /* Preview Assets.xcassets */ = {isa = PBXFileReference; lastKnownFileType = folder.assetcatalog; path = "Preview Assets.xcassets"; sourceTree = "<group>"; };
		521067AE2DAB6C9F00E454AE /* LoginTestTests.xctest */ = {isa = PBXFileReference; explicitFileType = wrapper.cfbundle; includeInIndex = 0; path = LoginTestTests.xctest; sourceTree = BUILT_PRODUCTS_DIR; };
		521067B22DAB6C9F00E454AE /* LoginTestTests.swift */ = {isa = PBXFileReference; lastKnownFileType = sourcecode.swift; path = LoginTestTests.swift; sourceTree = "<group>"; };
		521067B82DAB6C9F00E454AE /* LoginTestUITests.xctest */ = {isa = PBXFileReference; explicitFileType = wrapper.cfbundle; includeInIndex = 0; path = LoginTestUITests.xctest; sourceTree = BUILT_PRODUCTS_DIR; };
		521067BC2DAB6C9F00E454AE /* LoginTestUITests.swift */ = {isa = PBXFileReference; lastKnownFileType = sourcecode.swift; path = LoginTestUITests.swift; sourceTree = "<group>"; };
		521067BE2DAB6C9F00E454AE /* LoginTestUITestsLaunchTests.swift */ = {isa = PBXFileReference; lastKnownFileType = sourcecode.swift; path = LoginTestUITestsLaunchTests.swift; sourceTree = "<group>"; };
		521067CB2DAB818200E454AE /* Content-ViewModel.swift */ = {isa = PBXFileReference; lastKnownFileType = sourcecode.swift; path = "Content-ViewModel.swift"; sourceTree = "<group>"; };
/* End PBXFileReference section */

/* Begin PBXFrameworksBuildPhase section */
		5210679B2DAB6C9A00E454AE /* Frameworks */ = {
			isa = PBXFrameworksBuildPhase;
			buildActionMask = 2147483647;
			files = (
			);
			runOnlyForDeploymentPostprocessing = 0;
		};
		521067AB2DAB6C9F00E454AE /* Frameworks */ = {
			isa = PBXFrameworksBuildPhase;
			buildActionMask = 2147483647;
			files = (
			);
			runOnlyForDeploymentPostprocessing = 0;
		};
		521067B52DAB6C9F00E454AE /* Frameworks */ = {
			isa = PBXFrameworksBuildPhase;
			buildActionMask = 2147483647;
			files = (
			);
			runOnlyForDeploymentPostprocessing = 0;
		};
/* End PBXFrameworksBuildPhase section */

/* Begin PBXGroup section */
		521067952DAB6C9A00E454AE = {
			isa = PBXGroup;
			children = (
				521067A02DAB6C9A00E454AE /* LoginTest */,
				521067B12DAB6C9F00E454AE /* LoginTestTests */,
				521067BB2DAB6C9F00E454AE /* LoginTestUITests */,
				5210679F2DAB6C9A00E454AE /* Products */,
			);
			sourceTree = "<group>";
		};
		5210679F2DAB6C9A00E454AE /* Products */ = {
			isa = PBXGroup;
			children = (
				5210679E2DAB6C9A00E454AE /* LoginTest.app */,
				521067AE2DAB6C9F00E454AE /* LoginTestTests.xctest */,
				521067B82DAB6C9F00E454AE /* LoginTestUITests.xctest */,
			);
			name = Products;
			sourceTree = "<group>";
		};
		521067A02DAB6C9A00E454AE /* LoginTest */ = {
			isa = PBXGroup;
			children = (
				521067A12DAB6C9A00E454AE /* LoginTestApp.swift */,
				521067A32DAB6C9A00E454AE /* ContentView.swift */,
				521067A52DAB6C9E00E454AE /* Assets.xcassets */,
				521067A72DAB6C9E00E454AE /* Preview Content */,
				521067CB2DAB818200E454AE /* Content-ViewModel.swift */,
			);
			path = LoginTest;
			sourceTree = "<group>";
		};
		521067A72DAB6C9E00E454AE /* Preview Content */ = {
			isa = PBXGroup;
			children = (
				521067A82DAB6C9E00E454AE /* Preview Assets.xcassets */,
			);
			path = "Preview Content";
			sourceTree = "<group>";
		};
		521067B12DAB6C9F00E454AE /* LoginTestTests */ = {
			isa = PBXGroup;
			children = (
				521067B22DAB6C9F00E454AE /* LoginTestTests.swift */,
			);
			path = LoginTestTests;
			sourceTree = "<group>";
		};
		521067BB2DAB6C9F00E454AE /* LoginTestUITests */ = {
			isa = PBXGroup;
			children = (
				521067BC2DAB6C9F00E454AE /* LoginTestUITests.swift */,
				521067BE2DAB6C9F00E454AE /* LoginTestUITestsLaunchTests.swift */,
			);
			path = LoginTestUITests;
			sourceTree = "<group>";
		};
/* End PBXGroup section */

/* Begin PBXNativeTarget section */
		5210679D2DAB6C9A00E454AE /* LoginTest */ = {
			isa = PBXNativeTarget;
			buildConfigurationList = 521067C22DAB6C9F00E454AE /* Build configuration list for PBXNativeTarget "LoginTest" */;
			buildPhases = (
				5210679A2DAB6C9A00E454AE /* Sources */,
				5210679B2DAB6C9A00E454AE /* Frameworks */,
				5210679C2DAB6C9A00E454AE /* Resources */,
			);
			buildRules = (
			);
			dependencies = (
			);
			name = LoginTest;
			productName = LoginTest;
			productReference = 5210679E2DAB6C9A00E454AE /* LoginTest.app */;
			productType = "com.apple.product-type.application";
		};
		521067AD2DAB6C9F00E454AE /* LoginTestTests */ = {
			isa = PBXNativeTarget;
			buildConfigurationList = 521067C52DAB6C9F00E454AE /* Build configuration list for PBXNativeTarget "LoginTestTests" */;
			buildPhases = (
				521067AA2DAB6C9F00E454AE /* Sources */,
				521067AB2DAB6C9F00E454AE /* Frameworks */,
				521067AC2DAB6C9F00E454AE /* Resources */,
			);
			buildRules = (
			);
			dependencies = (
				521067B02DAB6C9F00E454AE /* PBXTargetDependency */,
			);
			name = LoginTestTests;
			productName = LoginTestTests;
			productReference = 521067AE2DAB6C9F00E454AE /* LoginTestTests.xctest */;
			productType = "com.apple.product-type.bundle.unit-test";
		};
		521067B72DAB6C9F00E454AE /* LoginTestUITests */ = {
			isa = PBXNativeTarget;
			buildConfigurationList = 521067C82DAB6C9F00E454AE /* Build configuration list for PBXNativeTarget "LoginTestUITests" */;
			buildPhases = (
				521067B42DAB6C9F00E454AE /* Sources */,
				521067B52DAB6C9F00E454AE /* Frameworks */,
				521067B62DAB6C9F00E454AE /* Resources */,
			);
			buildRules = (
			);
			dependencies = (
				521067BA2DAB6C9F00E454AE /* PBXTargetDependency */,
			);
			name = LoginTestUITests;
			productName = LoginTestUITests;
			productReference = 521067B82DAB6C9F00E454AE /* LoginTestUITests.xctest */;
			productType = "com.apple.product-type.bundle.ui-testing";
		};
/* End PBXNativeTarget section */

/* Begin PBXProject section */
		521067962DAB6C9A00E454AE /* Project object */ = {
			isa = PBXProject;
			attributes = {
				BuildIndependentTargetsInParallel = 1;
				LastSwiftUpdateCheck = 1420;
				LastUpgradeCheck = 1420;
				TargetAttributes = {
					5210679D2DAB6C9A00E454AE = {
						CreatedOnToolsVersion = 14.2;
					};
					521067AD2DAB6C9F00E454AE = {
						CreatedOnToolsVersion = 14.2;
						TestTargetID = 5210679D2DAB6C9A00E454AE;
					};
					521067B72DAB6C9F00E454AE = {
						CreatedOnToolsVersion = 14.2;
						TestTargetID = 5210679D2DAB6C9A00E454AE;
					};
				};
			};
			buildConfigurationList = 521067992DAB6C9A00E454AE /* Build configuration list for PBXProject "LoginTest" */;
			compatibilityVersion = "Xcode 14.0";
			developmentRegion = en;
			hasScannedForEncodings = 0;
			knownRegions = (
				en,
				Base,
			);
			mainGroup = 521067952DAB6C9A00E454AE;
			productRefGroup = 5210679F2DAB6C9A00E454AE /* Products */;
			projectDirPath = "";
			projectRoot = "";
			targets = (
				5210679D2DAB6C9A00E454AE /* LoginTest */,
				521067AD2DAB6C9F00E454AE /* LoginTestTests */,
				521067B72DAB6C9F00E454AE /* LoginTestUITests */,
			);
		};
/* End PBXProject section */

/* Begin PBXResourcesBuildPhase section */
		5210679C2DAB6C9A00E454AE /* Resources */ = {
			isa = PBXResourcesBuildPhase;
			buildActionMask = 2147483647;
			files = (
				521067A92DAB6C9E00E454AE /* Preview Assets.xcassets in Resources */,
				521067A62DAB6C9E00E454AE /* Assets.xcassets in Resources */,
			);
			runOnlyForDeploymentPostprocessing = 0;
		};
		521067AC2DAB6C9F00E454AE /* Resources */ = {
			isa = PBXResourcesBuildPhase;
			buildActionMask = 2147483647;
			files = (
			);
			runOnlyForDeploymentPostprocessing = 0;
		};
		521067B62DAB6C9F00E454AE /* Resources */ = {
			isa = PBXResourcesBuildPhase;
			buildActionMask = 2147483647;
			files = (
			);
			runOnlyForDeploymentPostprocessing = 0;
		};
/* End PBXResourcesBuildPhase section */

/* Begin PBXSourcesBuildPhase section */
		5210679A2DAB6C9A00E454AE /* Sources */ = {
			isa = PBXSourcesBuildPhase;
			buildActionMask = 2147483647;
			files = (
				521067A42DAB6C9A00E454AE /* ContentView.swift in Sources */,
				521067A22DAB6C9A00E454AE /* LoginTestApp.swift in Sources */,
				521067CC2DAB818200E454AE /* Content-ViewModel.swift in Sources */,
			);
			runOnlyForDeploymentPostprocessing = 0;
		};
		521067AA2DAB6C9F00E454AE /* Sources */ = {
			isa = PBXSourcesBuildPhase;
			buildActionMask = 2147483647;
			files = (
				521067B32DAB6C9F00E454AE /* LoginTestTests.swift in Sources */,
			);
			runOnlyForDeploymentPostprocessing = 0;
		};
		521067B42DAB6C9F00E454AE /* Sources */ = {
			isa = PBXSourcesBuildPhase;
			buildActionMask = 2147483647;
			files = (
				521067BF2DAB6C9F00E454AE /* LoginTestUITestsLaunchTests.swift in Sources */,
				521067BD2DAB6C9F00E454AE /* LoginTestUITests.swift in Sources */,
			);
			runOnlyForDeploymentPostprocessing = 0;
		};
/* End PBXSourcesBuildPhase section */

/* Begin PBXTargetDependency section */
		521067B02DAB6C9F00E454AE /* PBXTargetDependency */ = {
			isa = PBXTargetDependency;
			target = 5210679D2DAB6C9A00E454AE /* LoginTest */;
			targetProxy = 521067AF2DAB6C9F00E454AE /* PBXContainerItemProxy */;
		};
		521067BA2DAB6C9F00E454AE /* PBXTargetDependency */ = {
			isa = PBXTargetDependency;
			target = 5210679D2DAB6C9A00E454AE /* LoginTest */;
			targetProxy = 521067B92DAB6C9F00E454AE /* PBXContainerItemProxy */;
		};
/* End PBXTargetDependency section */

/* Begin XCBuildConfiguration section */
		521067C02DAB6C9F00E454AE /* Debug */ = {
			isa = XCBuildConfiguration;
			buildSettings = {
				ALWAYS_SEARCH_USER_PATHS = NO;
				CLANG_ANALYZER_NONNULL = YES;
				CLANG_ANALYZER_NUMBER_OBJECT_CONVERSION = YES_AGGRESSIVE;
				CLANG_CXX_LANGUAGE_STANDARD = "gnu++20";
				CLANG_ENABLE_MODULES = YES;
				CLANG_ENABLE_OBJC_ARC = YES;
				CLANG_ENABLE_OBJC_WEAK = YES;
				CLANG_WARN_BLOCK_CAPTURE_AUTORELEASING = YES;
				CLANG_WARN_BOOL_CONVERSION = YES;
				CLANG_WARN_COMMA = YES;
				CLANG_WARN_CONSTANT_CONVERSION = YES;
				CLANG_WARN_DEPRECATED_OBJC_IMPLEMENTATIONS = YES;
				CLANG_WARN_DIRECT_OBJC_ISA_USAGE = YES_ERROR;
				CLANG_WARN_DOCUMENTATION_COMMENTS = YES;
				CLANG_WARN_EMPTY_BODY = YES;
				CLANG_WARN_ENUM_CONVERSION = YES;
				CLANG_WARN_INFINITE_RECURSION = YES;
				CLANG_WARN_INT_CONVERSION = YES;
				CLANG_WARN_NON_LITERAL_NULL_CONVERSION = YES;
				CLANG_WARN_OBJC_IMPLICIT_RETAIN_SELF = YES;
				CLANG_WARN_OBJC_LITERAL_CONVERSION = YES;
				CLANG_WARN_OBJC_ROOT_CLASS = YES_ERROR;
				CLANG_WARN_QUOTED_INCLUDE_IN_FRAMEWORK_HEADER = YES;
				CLANG_WARN_RANGE_LOOP_ANALYSIS = YES;
				CLANG_WARN_STRICT_PROTOTYPES = YES;
				CLANG_WARN_SUSPICIOUS_MOVE = YES;
				CLANG_WARN_UNGUARDED_AVAILABILITY = YES_AGGRESSIVE;
				CLANG_WARN_UNREACHABLE_CODE = YES;
				CLANG_WARN__DUPLICATE_METHOD_MATCH = YES;
				COPY_PHASE_STRIP = NO;
				DEBUG_INFORMATION_FORMAT = dwarf;
				ENABLE_STRICT_OBJC_MSGSEND = YES;
				ENABLE_TESTABILITY = YES;
				GCC_C_LANGUAGE_STANDARD = gnu11;
				GCC_DYNAMIC_NO_PIC = NO;
				GCC_NO_COMMON_BLOCKS = YES;
				GCC_OPTIMIZATION_LEVEL = 0;
				GCC_PREPROCESSOR_DEFINITIONS = (
					"DEBUG=1",
					"$(inherited)",
				);
				GCC_WARN_64_TO_32_BIT_CONVERSION = YES;
				GCC_WARN_ABOUT_RETURN_TYPE = YES_ERROR;
				GCC_WARN_UNDECLARED_SELECTOR = YES;
				GCC_WARN_UNINITIALIZED_AUTOS = YES_AGGRESSIVE;
				GCC_WARN_UNUSED_FUNCTION = YES;
				GCC_WARN_UNUSED_VARIABLE = YES;
				IPHONEOS_DEPLOYMENT_TARGET = 16.2;
				MTL_ENABLE_DEBUG_INFO = INCLUDE_SOURCE;
				MTL_FAST_MATH = YES;
				ONLY_ACTIVE_ARCH = YES;
				SDKROOT = iphoneos;
				SWIFT_ACTIVE_COMPILATION_CONDITIONS = DEBUG;
				SWIFT_OPTIMIZATION_LEVEL = "-Onone";
			};
			name = Debug;
		};
		521067C12DAB6C9F00E454AE /* Release */ = {
			isa = XCBuildConfiguration;
			buildSettings = {
				ALWAYS_SEARCH_USER_PATHS = NO;
				CLANG_ANALYZER_NONNULL = YES;
				CLANG_ANALYZER_NUMBER_OBJECT_CONVERSION = YES_AGGRESSIVE;
				CLANG_CXX_LANGUAGE_STANDARD = "gnu++20";
				CLANG_ENABLE_MODULES = YES;
				CLANG_ENABLE_OBJC_ARC = YES;
				CLANG_ENABLE_OBJC_WEAK = YES;
				CLANG_WARN_BLOCK_CAPTURE_AUTORELEASING = YES;
				CLANG_WARN_BOOL_CONVERSION = YES;
				CLANG_WARN_COMMA = YES;
				CLANG_WARN_CONSTANT_CONVERSION = YES;
				CLANG_WARN_DEPRECATED_OBJC_IMPLEMENTATIONS = YES;
				CLANG_WARN_DIRECT_OBJC_ISA_USAGE = YES_ERROR;
				CLANG_WARN_DOCUMENTATION_COMMENTS = YES;
				CLANG_WARN_EMPTY_BODY = YES;
				CLANG_WARN_ENUM_CONVERSION = YES;
				CLANG_WARN_INFINITE_RECURSION = YES;
				CLANG_WARN_INT_CONVERSION = YES;
				CLANG_WARN_NON_LITERAL_NULL_CONVERSION = YES;
				CLANG_WARN_OBJC_IMPLICIT_RETAIN_SELF = YES;
				CLANG_WARN_OBJC_LITERAL_CONVERSION = YES;
				CLANG_WARN_OBJC_ROOT_CLASS = YES_ERROR;
				CLANG_WARN_QUOTED_INCLUDE_IN_FRAMEWORK_HEADER = YES;
				CLANG_WARN_RANGE_LOOP_ANALYSIS = YES;
				CLANG_WARN_STRICT_PROTOTYPES = YES;
				CLANG_WARN_SUSPICIOUS_MOVE = YES;
				CLANG_WARN_UNGUARDED_AVAILABILITY = YES_AGGRESSIVE;
				CLANG_WARN_UNREACHABLE_CODE = YES;
				CLANG_WARN__DUPLICATE_METHOD_MATCH = YES;
				COPY_PHASE_STRIP = NO;
				DEBUG_INFORMATION_FORMAT = "dwarf-with-dsym";
				ENABLE_NS_ASSERTIONS = NO;
				ENABLE_STRICT_OBJC_MSGSEND = YES;
				GCC_C_LANGUAGE_STANDARD = gnu11;
				GCC_NO_COMMON_BLOCKS = YES;
				GCC_WARN_64_TO_32_BIT_CONVERSION = YES;
				GCC_WARN_ABOUT_RETURN_TYPE = YES_ERROR;
				GCC_WARN_UNDECLARED_SELECTOR = YES;
				GCC_WARN_UNINITIALIZED_AUTOS = YES_AGGRESSIVE;
				GCC_WARN_UNUSED_FUNCTION = YES;
				GCC_WARN_UNUSED_VARIABLE = YES;
				IPHONEOS_DEPLOYMENT_TARGET = 16.2;
				MTL_ENABLE_DEBUG_INFO = NO;
				MTL_FAST_MATH = YES;
				SDKROOT = iphoneos;
				SWIFT_COMPILATION_MODE = wholemodule;
				SWIFT_OPTIMIZATION_LEVEL = "-O";
				VALIDATE_PRODUCT = YES;
			};
			name = Release;
		};
		521067C32DAB6C9F00E454AE /* Debug */ = {
			isa = XCBuildConfiguration;
			buildSettings = {
				ASSETCATALOG_COMPILER_APPICON_NAME = AppIcon;
				ASSETCATALOG_COMPILER_GLOBAL_ACCENT_COLOR_NAME = AccentColor;
				CODE_SIGN_STYLE = Automatic;
				CURRENT_PROJECT_VERSION = 1;
				DEVELOPMENT_ASSET_PATHS = "\"LoginTest/Preview Content\"";
				ENABLE_PREVIEWS = YES;
				GENERATE_INFOPLIST_FILE = YES;
				INFOPLIST_KEY_UIApplicationSceneManifest_Generation = YES;
				INFOPLIST_KEY_UIApplicationSupportsIndirectInputEvents = YES;
				INFOPLIST_KEY_UILaunchScreen_Generation = YES;
				INFOPLIST_KEY_UISupportedInterfaceOrientations_iPad = "UIInterfaceOrientationPortrait UIInterfaceOrientationPortraitUpsideDown UIInterfaceOrientationLandscapeLeft UIInterfaceOrientationLandscapeRight";
				INFOPLIST_KEY_UISupportedInterfaceOrientations_iPhone = "UIInterfaceOrientationPortrait UIInterfaceOrientationLandscapeLeft UIInterfaceOrientationLandscapeRight";
				LD_RUNPATH_SEARCH_PATHS = (
					"$(inherited)",
					"@executable_path/Frameworks",
				);
				MARKETING_VERSION = 1.0;
				PRODUCT_BUNDLE_IDENTIFIER = test.LoginTest;
				PRODUCT_NAME = "$(TARGET_NAME)";
				SWIFT_EMIT_LOC_STRINGS = YES;
				SWIFT_VERSION = 5.0;
				TARGETED_DEVICE_FAMILY = "1,2";
			};
			name = Debug;
		};
		521067C42DAB6C9F00E454AE /* Release */ = {
			isa = XCBuildConfiguration;
			buildSettings = {
				ASSETCATALOG_COMPILER_APPICON_NAME = AppIcon;
				ASSETCATALOG_COMPILER_GLOBAL_ACCENT_COLOR_NAME = AccentColor;
				CODE_SIGN_STYLE = Automatic;
				CURRENT_PROJECT_VERSION = 1;
				DEVELOPMENT_ASSET_PATHS = "\"LoginTest/Preview Content\"";
				ENABLE_PREVIEWS = YES;
				GENERATE_INFOPLIST_FILE = YES;
				INFOPLIST_KEY_UIApplicationSceneManifest_Generation = YES;
				INFOPLIST_KEY_UIApplicationSupportsIndirectInputEvents = YES;
				INFOPLIST_KEY_UILaunchScreen_Generation = YES;
				INFOPLIST_KEY_UISupportedInterfaceOrientations_iPad = "UIInterfaceOrientationPortrait UIInterfaceOrientationPortraitUpsideDown UIInterfaceOrientationLandscapeLeft UIInterfaceOrientationLandscapeRight";
				INFOPLIST_KEY_UISupportedInterfaceOrientations_iPhone = "UIInterfaceOrientationPortrait UIInterfaceOrientationLandscapeLeft UIInterfaceOrientationLandscapeRight";
				LD_RUNPATH_SEARCH_PATHS = (
					"$(inherited)",
					"@executable_path/Frameworks",
				);
				MARKETING_VERSION = 1.0;
				PRODUCT_BUNDLE_IDENTIFIER = test.LoginTest;
				PRODUCT_NAME = "$(TARGET_NAME)";
				SWIFT_EMIT_LOC_STRINGS = YES;
				SWIFT_VERSION = 5.0;
				TARGETED_DEVICE_FAMILY = "1,2";
			};
			name = Release;
		};
		521067C62DAB6C9F00E454AE /* Debug */ = {
			isa = XCBuildConfiguration;
			buildSettings = {
				ALWAYS_EMBED_SWIFT_STANDARD_LIBRARIES = YES;
				BUNDLE_LOADER = "$(TEST_HOST)";
				CODE_SIGN_STYLE = Automatic;
				CURRENT_PROJECT_VERSION = 1;
				GENERATE_INFOPLIST_FILE = YES;
				IPHONEOS_DEPLOYMENT_TARGET = 16.2;
				MARKETING_VERSION = 1.0;
				PRODUCT_BUNDLE_IDENTIFIER = test.LoginTestTests;
				PRODUCT_NAME = "$(TARGET_NAME)";
				SWIFT_EMIT_LOC_STRINGS = NO;
				SWIFT_VERSION = 5.0;
				TARGETED_DEVICE_FAMILY = "1,2";
				TEST_HOST = "$(BUILT_PRODUCTS_DIR)/LoginTest.app/$(BUNDLE_EXECUTABLE_FOLDER_PATH)/LoginTest";
			};
			name = Debug;
		};
		521067C72DAB6C9F00E454AE /* Release */ = {
			isa = XCBuildConfiguration;
			buildSettings = {
				ALWAYS_EMBED_SWIFT_STANDARD_LIBRARIES = YES;
				BUNDLE_LOADER = "$(TEST_HOST)";
				CODE_SIGN_STYLE = Automatic;
				CURRENT_PROJECT_VERSION = 1;
				GENERATE_INFOPLIST_FILE = YES;
				IPHONEOS_DEPLOYMENT_TARGET = 16.2;
				MARKETING_VERSION = 1.0;
				PRODUCT_BUNDLE_IDENTIFIER = test.LoginTestTests;
				PRODUCT_NAME = "$(TARGET_NAME)";
				SWIFT_EMIT_LOC_STRINGS = NO;
				SWIFT_VERSION = 5.0;
				TARGETED_DEVICE_FAMILY = "1,2";
				TEST_HOST = "$(BUILT_PRODUCTS_DIR)/LoginTest.app/$(BUNDLE_EXECUTABLE_FOLDER_PATH)/LoginTest";
			};
			name = Release;
		};
		521067C92DAB6C9F00E454AE /* Debug */ = {
			isa = XCBuildConfiguration;
			buildSettings = {
				ALWAYS_EMBED_SWIFT_STANDARD_LIBRARIES = YES;
				CODE_SIGN_STYLE = Automatic;
				CURRENT_PROJECT_VERSION = 1;
				GENERATE_INFOPLIST_FILE = YES;
				MARKETING_VERSION = 1.0;
				PRODUCT_BUNDLE_IDENTIFIER = test.LoginTestUITests;
				PRODUCT_NAME = "$(TARGET_NAME)";
				SWIFT_EMIT_LOC_STRINGS = NO;
				SWIFT_VERSION = 5.0;
				TARGETED_DEVICE_FAMILY = "1,2";
				TEST_TARGET_NAME = LoginTest;
			};
			name = Debug;
		};
		521067CA2DAB6C9F00E454AE /* Release */ = {
			isa = XCBuildConfiguration;
			buildSettings = {
				ALWAYS_EMBED_SWIFT_STANDARD_LIBRARIES = YES;
				CODE_SIGN_STYLE = Automatic;
				CURRENT_PROJECT_VERSION = 1;
				GENERATE_INFOPLIST_FILE = YES;
				MARKETING_VERSION = 1.0;
				PRODUCT_BUNDLE_IDENTIFIER = test.LoginTestUITests;
				PRODUCT_NAME = "$(TARGET_NAME)";
				SWIFT_EMIT_LOC_STRINGS = NO;
				SWIFT_VERSION = 5.0;
				TARGETED_DEVICE_FAMILY = "1,2";
				TEST_TARGET_NAME = LoginTest;
			};
			name = Release;
		};
/* End XCBuildConfiguration section */

/* Begin XCConfigurationList section */
		521067992DAB6C9A00E454AE /* Build configuration list for PBXProject "LoginTest" */ = {
			isa = XCConfigurationList;
			buildConfigurations = (
				521067C02DAB6C9F00E454AE /* Debug */,
				521067C12DAB6C9F00E454AE /* Release */,
			);
			defaultConfigurationIsVisible = 0;
			defaultConfigurationName = Release;
		};
		521067C22DAB6C9F00E454AE /* Build configuration list for PBXNativeTarget "LoginTest" */ = {
			isa = XCConfigurationList;
			buildConfigurations = (
				521067C32DAB6C9F00E454AE /* Debug */,
				521067C42DAB6C9F00E454AE /* Release */,
			);
			defaultConfigurationIsVisible = 0;
			defaultConfigurationName = Release;
		};
		521067C52DAB6C9F00E454AE /* Build configuration list for PBXNativeTarget "LoginTestTests" */ = {
			isa = XCConfigurationList;
			buildConfigurations = (
				521067C62DAB6C9F00E454AE /* Debug */,
				521067C72DAB6C9F00E454AE /* Release */,
			);
			defaultConfigurationIsVisible = 0;
			defaultConfigurationName = Release;
		};
		521067C82DAB6C9F00E454AE /* Build configuration list for PBXNativeTarget "LoginTestUITests" */ = {
			isa = XCConfigurationList;
			buildConfigurations = (
				521067C92DAB6C9F00E454AE /* Debug */,
				521067CA2DAB6C9F00E454AE /* Release */,
			);
			defaultConfigurationIsVisible = 0;
			defaultConfigurationName = Release;
		};
/* End XCConfigurationList section */
	};
	rootObject = 521067962DAB6C9A00E454AE /* Project object */;
}
